
Microsoft Visual Studio Solution File, Format Version 12.00
# Visual Studio Version 17
VisualStudioVersion = 17.9.34723.18
MinimumVisualStudioVersion = 10.0.40219.1
Project("{9A19103F-16F7-4668-BE54-9A1E7A4F7556}") = "ParseCSV", "ParseCSV\ParseCSV.csproj", "{219CF595-5BE3-4B55-9CE4-28D3B3D842C0}"
EndProject
Project("{9A19103F-16F7-4668-BE54-9A1E7A4F7556}") = "ParseCSVTest", "ParseCSVTest\ParseCSVTest.csproj", "{9CCF094A-50C0-4A62-800D-BE5EA4C14F44}"
	ProjectSection(ProjectDependencies) = postProject
		{219CF595-5BE3-4B55-9CE4-28D3B3D842C0} = {219CF595-5BE3-4B55-9CE4-28D3B3D842C0}
	EndProjectSection
EndProject
Global
	GlobalSection(SolutionConfigurationPlatforms) = preSolution
		Debug|Any CPU = Debug|Any CPU
		Debug|ARM32 = Debug|ARM32
		Debug|ARM64 = Debug|ARM64
		Debug|x64 = Debug|x64
		Debug|x86 = Debug|x86
		Release|Any CPU = Release|Any CPU
		Release|ARM32 = Release|ARM32
		Release|ARM64 = Release|ARM64
		Release|x64 = Release|x64
		Release|x86 = Release|x86
	EndGlobalSection
	GlobalSection(ProjectConfigurationPlatforms) = postSolution
		{219CF595-5BE3-4B55-9CE4-28D3B3D842C0}.Debug|Any CPU.ActiveCfg = Debug|Any CPU
		{219CF595-5BE3-4B55-9CE4-28D3B3D842C0}.Debug|Any CPU.Build.0 = Debug|Any CPU
		{219CF595-5BE3-4B55-9CE4-28D3B3D842C0}.Debug|ARM32.ActiveCfg = Debug|Any CPU
		{219CF595-5BE3-4B55-9CE4-28D3B3D842C0}.Debug|ARM32.Build.0 = Debug|Any CPU
		{219CF595-5BE3-4B55-9CE4-28D3B3D842C0}.Debug|ARM64.ActiveCfg = Debug|Any CPU
		{219CF595-5BE3-4B55-9CE4-28D3B3D842C0}.Debug|ARM64.Build.0 = Debug|Any CPU
		{219CF595-5BE3-4B55-9CE4-28D3B3D842C0}.Debug|x64.ActiveCfg = Debug|x64
		{219CF595-5BE3-4B55-9CE4-28D3B3D842C0}.Debug|x64.Build.0 = Debug|x64
		{219CF595-5BE3-4B55-9CE4-28D3B3D842C0}.Debug|x86.ActiveCfg = Debug|x86
		{219CF595-5BE3-4B55-9CE4-28D3B3D842C0}.Debug|x86.Build.0 = Debug|x86
		{219CF595-5BE3-4B55-9CE4-28D3B3D842C0}.Release|Any CPU.ActiveCfg = Release|Any CPU
		{219CF595-5BE3-4B55-9CE4-28D3B3D842C0}.Release|Any CPU.Build.0 = Release|Any CPU
		{219CF595-5BE3-4B55-9CE4-28D3B3D842C0}.Release|ARM32.ActiveCfg = Release|Any CPU
		{219CF595-5BE3-4B55-9CE4-28D3B3D842C0}.Release|ARM32.Build.0 = Release|Any CPU
		{219CF595-5BE3-4B55-9CE4-28D3B3D842C0}.Release|ARM64.ActiveCfg = Release|Any CPU
		{219CF595-5BE3-4B55-9CE4-28D3B3D842C0}.Release|ARM64.Build.0 = Release|Any CPU
		{219CF595-5BE3-4B55-9CE4-28D3B3D842C0}.Release|x64.ActiveCfg = Release|x64
		{219CF595-5BE3-4B55-9CE4-28D3B3D842C0}.Release|x64.Build.0 = Release|x64
		{219CF595-5BE3-4B55-9CE4-28D3B3D842C0}.Release|x86.ActiveCfg = Release|x86
		{219CF595-5BE3-4B55-9CE4-28D3B3D842C0}.Release|x86.Build.0 = Release|x86
		{9CCF094A-50C0-4A62-800D-BE5EA4C14F44}.Debug|Any CPU.ActiveCfg = Debug|Any CPU
		{9CCF094A-50C0-4A62-800D-BE5EA4C14F44}.Debug|Any CPU.Build.0 = Debug|Any CPU
		{9CCF094A-50C0-4A62-800D-BE5EA4C14F44}.Debug|ARM32.ActiveCfg = Debug|ARM32
		{9CCF094A-50C0-4A62-800D-BE5EA4C14F44}.Debug|ARM32.Build.0 = Debug|ARM32
		{9CCF094A-50C0-4A62-800D-BE5EA4C14F44}.Debug|ARM64.ActiveCfg = Debug|Any CPU
		{9CCF094A-50C0-4A62-800D-BE5EA4C14F44}.Debug|ARM64.Build.0 = Debug|Any CPU
		{9CCF094A-50C0-4A62-800D-BE5EA4C14F44}.Debug|x64.ActiveCfg = Debug|x64
		{9CCF094A-50C0-4A62-800D-BE5EA4C14F44}.Debug|x64.Build.0 = Debug|x64
		{9CCF094A-50C0-4A62-800D-BE5EA4C14F44}.Debug|x86.ActiveCfg = Debug|x86
		{9CCF094A-50C0-4A62-800D-BE5EA4C14F44}.Debug|x86.Build.0 = Debug|x86
		{9CCF094A-50C0-4A62-800D-BE5EA4C14F44}.Release|Any CPU.ActiveCfg = Release|Any CPU
		{9CCF094A-50C0-4A62-800D-BE5EA4C14F44}.Release|Any CPU.Build.0 = Release|Any CPU
		{9CCF094A-50C0-4A62-800D-BE5EA4C14F44}.Release|ARM32.ActiveCfg = Release|ARM32
		{9CCF094A-50C0-4A62-800D-BE5EA4C14F44}.Release|ARM32.Build.0 = Release|ARM32
		{9CCF094A-50C0-4A62-800D-BE5EA4C14F44}.Release|ARM64.ActiveCfg = Release|ARM64
		{9CCF094A-50C0-4A62-800D-BE5EA4C14F44}.Release|ARM64.Build.0 = Release|ARM64
		{9CCF094A-50C0-4A62-800D-BE5EA4C14F44}.Release|x64.ActiveCfg = Release|x64
		{9CCF094A-50C0-4A62-800D-BE5EA4C14F44}.Release|x64.Build.0 = Release|x64
		{9CCF094A-50C0-4A62-800D-BE5EA4C14F44}.Release|x86.ActiveCfg = Release|x86
		{9CCF094A-50C0-4A62-800D-BE5EA4C14F44}.Release|x86.Build.0 = Release|x86
	EndGlobalSection
	GlobalSection(SolutionProperties) = preSolution
		HideSolutionNode = FALSE
	EndGlobalSection
	GlobalSection(ExtensibilityGlobals) = postSolution
		SolutionGuid = {BF57CECA-322D-4C52-A0F8-3151BC783F5E}
	EndGlobalSection
EndGlobal
